
Microsoft Visual Studio Solution File, Format Version 12.00
# Visual Studio Version 17
VisualStudioVersion = 17.8.34525.116
MinimumVisualStudioVersion = 10.0.40219.1
Project("{FAE04EC0-301F-11D3-BF4B-00C04F79EFBC}") = "projeto", "projeto\projeto.csproj", "{190BCCD4-A39B-47D7-8FF8-2D900D34D98B}"
EndProject
Global
	GlobalSection(SolutionConfigurationPlatforms) = preSolution
		Debug|Any CPU = Debug|Any CPU
		Release|Any CPU = Release|Any CPU
	EndGlobalSection
	GlobalSection(ProjectConfigurationPlatforms) = postSolution
		{190BCCD4-A39B-47D7-8FF8-2D900D34D98B}.Debug|Any CPU.ActiveCfg = Debug|Any CPU
		{190BCCD4-A39B-47D7-8FF8-2D900D34D98B}.Debug|Any CPU.Build.0 = Debug|Any CPU
		{190BCCD4-A39B-47D7-8FF8-2D900D34D98B}.Debug|Any CPU.Deploy.0 = Debug|Any CPU
		{190BCCD4-A39B-47D7-8FF8-2D900D34D98B}.Release|Any CPU.ActiveCfg = Release|Any CPU
		{190BCCD4-A39B-47D7-8FF8-2D900D34D98B}.Release|Any CPU.Build.0 = Release|Any CPU
		{190BCCD4-A39B-47D7-8FF8-2D900D34D98B}.Release|Any CPU.Deploy.0 = Release|Any CPU
	EndGlobalSection
	GlobalSection(SolutionProperties) = preSolution
		HideSolutionNode = FALSE
	EndGlobalSection
	GlobalSection(ExtensibilityGlobals) = postSolution
		SolutionGuid = {EB71EAAF-D39C-4D23-9587-2903E0744F5F}
	EndGlobalSection
EndGlobal
